
Microsoft Visual Studio Solution File, Format Version 12.00
# Visual Studio Version 16
VisualStudioVersion = 16.0.29215.179
MinimumVisualStudioVersion = 10.0.40219.1
Project("{2150E333-8FDC-42A3-9474-1A3956D46DE8}") = "GMap.NET", "GMap.NET", "{775C3C1A-44D3-41F4-9FC6-F83E39D3ABB8}"
EndProject
Project("{9A19103F-16F7-4668-BE54-9A1E7A4F7556}") = "GMap.NET.Core", "GMap.NET.Core\GMap.NET.Core.csproj", "{545C6317-134F-4544-B4BE-34116522CEB8}"
EndProject
Global
	GlobalSection(SolutionConfigurationPlatforms) = preSolution
		Debug|Any CPU = Debug|Any CPU
		Release|Any CPU = Release|Any CPU
		v4.0-Debug|Any CPU = v4.0-Debug|Any CPU
		v4.0-Release|Any CPU = v4.0-Release|Any CPU
	EndGlobalSection
	GlobalSection(ProjectConfigurationPlatforms) = postSolution
		{545C6317-134F-4544-B4BE-34116522CEB8}.Debug|Any CPU.ActiveCfg = Debug|Any CPU
		{545C6317-134F-4544-B4BE-34116522CEB8}.Debug|Any CPU.Build.0 = Debug|Any CPU
		{545C6317-134F-4544-B4BE-34116522CEB8}.Release|Any CPU.ActiveCfg = Release|Any CPU
		{545C6317-134F-4544-B4BE-34116522CEB8}.Release|Any CPU.Build.0 = Release|Any CPU
		{545C6317-134F-4544-B4BE-34116522CEB8}.v4.0-Debug|Any CPU.ActiveCfg = Debug|Any CPU
		{545C6317-134F-4544-B4BE-34116522CEB8}.v4.0-Debug|Any CPU.Build.0 = Debug|Any CPU
		{545C6317-134F-4544-B4BE-34116522CEB8}.v4.0-Release|Any CPU.ActiveCfg = Release|Any CPU
		{545C6317-134F-4544-B4BE-34116522CEB8}.v4.0-Release|Any CPU.Build.0 = Release|Any CPU
	EndGlobalSection
	GlobalSection(SolutionProperties) = preSolution
		HideSolutionNode = FALSE
	EndGlobalSection
	GlobalSection(NestedProjects) = preSolution
		{545C6317-134F-4544-B4BE-34116522CEB8} = {775C3C1A-44D3-41F4-9FC6-F83E39D3ABB8}
	EndGlobalSection
	GlobalSection(ExtensibilityGlobals) = postSolution
		SolutionGuid = {D17F301A-06F9-4BC8-B947-AB7EA2A11679}
	EndGlobalSection
EndGlobal
